
Microsoft Visual Studio Solution File, Format Version 12.00
# Visual Studio Version 17
VisualStudioVersion = 17.7.34031.279
MinimumVisualStudioVersion = 10.0.40219.1
Project("{9A19103F-16F7-4668-BE54-9A1E7A4F7556}") = "BoardGames", "BoardGames.csproj", "{330A7BDE-45D0-41DA-A579-C1EFF72B91AF}"
EndProject
Global
	GlobalSection(SolutionConfigurationPlatforms) = preSolution
		Debug|Any CPU = Debug|Any CPU
		Release|Any CPU = Release|Any CPU
	EndGlobalSection
	GlobalSection(ProjectConfigurationPlatforms) = postSolution
		{330A7BDE-45D0-41DA-A579-C1EFF72B91AF}.Debug|Any CPU.ActiveCfg = Debug|Any CPU
		{330A7BDE-45D0-41DA-A579-C1EFF72B91AF}.Debug|Any CPU.Build.0 = Debug|Any CPU
		{330A7BDE-45D0-41DA-A579-C1EFF72B91AF}.Release|Any CPU.ActiveCfg = Release|Any CPU
		{330A7BDE-45D0-41DA-A579-C1EFF72B91AF}.Release|Any CPU.Build.0 = Release|Any CPU
	EndGlobalSection
	GlobalSection(SolutionProperties) = preSolution
		HideSolutionNode = FALSE
	EndGlobalSection
	GlobalSection(ExtensibilityGlobals) = postSolution
		SolutionGuid = {3F94F3CF-2381-48EC-B39D-0650F636FC40}
	EndGlobalSection
EndGlobal
